
Microsoft Visual Studio Solution File, Format Version 12.00
# Visual Studio Version 17
VisualStudioVersion = 17.8.34511.84
MinimumVisualStudioVersion = 10.0.40219.1
Project("{FAE04EC0-301F-11D3-BF4B-00C04F79EFBC}") = "BMI-Kalkylator", "BMI-Kalkylator.csproj", "{60C8301A-8373-4985-AEC6-090FBD2A459F}"
EndProject
Global
	GlobalSection(SolutionConfigurationPlatforms) = preSolution
		Debug|Any CPU = Debug|Any CPU
		Release|Any CPU = Release|Any CPU
	EndGlobalSection
	GlobalSection(ProjectConfigurationPlatforms) = postSolution
		{60C8301A-8373-4985-AEC6-090FBD2A459F}.Debug|Any CPU.ActiveCfg = Debug|Any CPU
		{60C8301A-8373-4985-AEC6-090FBD2A459F}.Debug|Any CPU.Build.0 = Debug|Any CPU
		{60C8301A-8373-4985-AEC6-090FBD2A459F}.Release|Any CPU.ActiveCfg = Release|Any CPU
		{60C8301A-8373-4985-AEC6-090FBD2A459F}.Release|Any CPU.Build.0 = Release|Any CPU
	EndGlobalSection
	GlobalSection(SolutionProperties) = preSolution
		HideSolutionNode = FALSE
	EndGlobalSection
	GlobalSection(ExtensibilityGlobals) = postSolution
		SolutionGuid = {C5106B96-F033-4AB8-8772-674081F097FB}
	EndGlobalSection
EndGlobal
